
Microsoft Visual Studio Solution File, Format Version 12.00
# Visual Studio Version 17
VisualStudioVersion = 17.10.35027.167
MinimumVisualStudioVersion = 10.0.40219.1
Project("{2150E333-8FDC-42A3-9474-1A3956D46DE8}") = "tests", "tests", "{A6055C13-E45D-4F05-90E3-30D5661A1B6E}"
EndProject
Project("{2150E333-8FDC-42A3-9474-1A3956D46DE8}") = "src", "src", "{4F32E7DA-49AF-4095-863A-05482EF2310C}"
EndProject
Project("{9A19103F-16F7-4668-BE54-9A1E7A4F7556}") = "MicroFlows.Domain", "src\MicroFlows.Domain\MicroFlows.Domain.csproj", "{229624DF-0E22-4CF5-B05D-544D4925ACEC}"
EndProject
Project("{9A19103F-16F7-4668-BE54-9A1E7A4F7556}") = "MicroFlows.Tests", "tests\MicroFlows.Tests\MicroFlows.Tests.csproj", "{AB5ED928-0D06-404C-A59E-6962DC5CBF4F}"
EndProject
Project("{2150E333-8FDC-42A3-9474-1A3956D46DE8}") = "Solution Items", "Solution Items", "{C426E69D-D3F4-4C19-8A6A-4987946D9397}"
	ProjectSection(SolutionItems) = preProject
		.github\workflows\dotnet.yml = .github\workflows\dotnet.yml
		README.md = README.md
	EndProjectSection
EndProject
Project("{9A19103F-16F7-4668-BE54-9A1E7A4F7556}") = "MicroFlows.Application", "src\MicroFlows.Application\MicroFlows.Application.csproj", "{BFA2E302-C04F-4E2E-83FA-B06F873ABFB1}"
EndProject
Project("{9A19103F-16F7-4668-BE54-9A1E7A4F7556}") = "MicroFlows.Package.Tests", "tests\MicroFlows.Package.Tests\MicroFlows.Package.Tests.csproj", "{0C4426DD-7CE5-492A-A7EB-021349A6B824}"
EndProject
Project("{FAE04EC0-301F-11D3-BF4B-00C04F79EFBC}") = "MicroFlows.Infrastructure.Tests", "tests\MicroFlows.Infrastructure.Tests\MicroFlows.Infrastructure.Tests.csproj", "{FDAE8A44-4FB7-48BD-89CC-70D6CC2BA406}"
EndProject
Project("{FAE04EC0-301F-11D3-BF4B-00C04F79EFBC}") = "MicroFlows.MsSqlRepo", "src\MicroFlows.MsSqlRepo\MicroFlows.MsSqlRepo.csproj", "{36334145-6D9C-4148-B650-3B7A769C248C}"
EndProject
Project("{2150E333-8FDC-42A3-9474-1A3956D46DE8}") = "demo", "demo", "{02EA681E-C7D8-13C7-8484-4AC65E1B71E8}"
	ProjectSection(SolutionItems) = preProject
		adminui.ps1 = adminui.ps1
		demo\docker-compose.yml = demo\docker-compose.yml
		demo\README.md = demo\README.md
	EndProjectSection
EndProject
Project("{FAE04EC0-301F-11D3-BF4B-00C04F79EFBC}") = "MicroFlows.Demo", "demo\MicroFlows.Demo\MicroFlows.Demo.csproj", "{906641B7-0142-4083-8A31-79F9B5B916F4}"
EndProject
Project("{2150E333-8FDC-42A3-9474-1A3956D46DE8}") = "sql", "sql", "{C556638A-49C7-4C88-A408-A9D2152806CA}"
	ProjectSection(SolutionItems) = preProject
		demo\sql\docker-compose.yml = demo\sql\docker-compose.yml
	EndProjectSection
EndProject
Project("{2150E333-8FDC-42A3-9474-1A3956D46DE8}") = "admin", "admin", "{3F8B9BA1-8133-49D9-997A-F7A827F71D6F}"
EndProject
Project("{FAE04EC0-301F-11D3-BF4B-00C04F79EFBC}") = "MicroFlows.AdminUI", "admin\MicroFlows.AdminUI\MicroFlows.AdminUI.csproj", "{2453A8CB-EBC9-4F05-BD08-6B9DEE54AE1E}"
EndProject
Project("{2150E333-8FDC-42A3-9474-1A3956D46DE8}") = "fwk", "fwk", "{86CE4A10-B3A5-4C29-844A-7507FF4EF2F2}"
EndProject
Project("{FAE04EC0-301F-11D3-BF4B-00C04F79EFBC}") = "BlazorForms.Forms.Definitions", "admin\fwk\BlazorForms.Forms.Definitions\BlazorForms.Forms.Definitions.csproj", "{CB80B54B-366A-136C-6ABD-9803B0B5DF05}"
EndProject
Project("{FAE04EC0-301F-11D3-BF4B-00C04F79EFBC}") = "BlazorForms.Rendering", "admin\fwk\BlazorForms.Rendering\BlazorForms.Rendering.csproj", "{5E9EFE8D-BF9A-E009-4A34-9DFED59F53B7}"
EndProject
Project("{FAE04EC0-301F-11D3-BF4B-00C04F79EFBC}") = "BlazorForms.Rendering.MudBlazorUI", "admin\fwk\BlazorForms.Rendering.MudBlazorUI\BlazorForms.Rendering.MudBlazorUI.csproj", "{BD32F7B4-A19B-BB51-8484-381898F8913D}"
EndProject
Project("{FAE04EC0-301F-11D3-BF4B-00C04F79EFBC}") = "MicroFlows.Demo.Tests", "demo\MicroFlows.Demo.Tests\MicroFlows.Demo.Tests.csproj", "{C1FFA484-888A-4B75-9DA2-D4626DE64051}"
EndProject
Global
	GlobalSection(SolutionConfigurationPlatforms) = preSolution
		Debug|Any CPU = Debug|Any CPU
		Release|Any CPU = Release|Any CPU
	EndGlobalSection
	GlobalSection(ProjectConfigurationPlatforms) = postSolution
		{229624DF-0E22-4CF5-B05D-544D4925ACEC}.Debug|Any CPU.ActiveCfg = Debug|Any CPU
		{229624DF-0E22-4CF5-B05D-544D4925ACEC}.Debug|Any CPU.Build.0 = Debug|Any CPU
		{229624DF-0E22-4CF5-B05D-544D4925ACEC}.Release|Any CPU.ActiveCfg = Release|Any CPU
		{229624DF-0E22-4CF5-B05D-544D4925ACEC}.Release|Any CPU.Build.0 = Release|Any CPU
		{AB5ED928-0D06-404C-A59E-6962DC5CBF4F}.Debug|Any CPU.ActiveCfg = Debug|Any CPU
		{AB5ED928-0D06-404C-A59E-6962DC5CBF4F}.Debug|Any CPU.Build.0 = Debug|Any CPU
		{AB5ED928-0D06-404C-A59E-6962DC5CBF4F}.Release|Any CPU.ActiveCfg = Release|Any CPU
		{AB5ED928-0D06-404C-A59E-6962DC5CBF4F}.Release|Any CPU.Build.0 = Release|Any CPU
		{BFA2E302-C04F-4E2E-83FA-B06F873ABFB1}.Debug|Any CPU.ActiveCfg = Debug|Any CPU
		{BFA2E302-C04F-4E2E-83FA-B06F873ABFB1}.Debug|Any CPU.Build.0 = Debug|Any CPU
		{BFA2E302-C04F-4E2E-83FA-B06F873ABFB1}.Release|Any CPU.ActiveCfg = Release|Any CPU
		{BFA2E302-C04F-4E2E-83FA-B06F873ABFB1}.Release|Any CPU.Build.0 = Release|Any CPU
		{0C4426DD-7CE5-492A-A7EB-021349A6B824}.Debug|Any CPU.ActiveCfg = Debug|Any CPU
		{0C4426DD-7CE5-492A-A7EB-021349A6B824}.Debug|Any CPU.Build.0 = Debug|Any CPU
		{0C4426DD-7CE5-492A-A7EB-021349A6B824}.Release|Any CPU.ActiveCfg = Release|Any CPU
		{0C4426DD-7CE5-492A-A7EB-021349A6B824}.Release|Any CPU.Build.0 = Release|Any CPU
		{FDAE8A44-4FB7-48BD-89CC-70D6CC2BA406}.Debug|Any CPU.ActiveCfg = Debug|Any CPU
		{FDAE8A44-4FB7-48BD-89CC-70D6CC2BA406}.Debug|Any CPU.Build.0 = Debug|Any CPU
		{FDAE8A44-4FB7-48BD-89CC-70D6CC2BA406}.Release|Any CPU.ActiveCfg = Release|Any CPU
		{FDAE8A44-4FB7-48BD-89CC-70D6CC2BA406}.Release|Any CPU.Build.0 = Release|Any CPU
		{36334145-6D9C-4148-B650-3B7A769C248C}.Debug|Any CPU.ActiveCfg = Debug|Any CPU
		{36334145-6D9C-4148-B650-3B7A769C248C}.Debug|Any CPU.Build.0 = Debug|Any CPU
		{36334145-6D9C-4148-B650-3B7A769C248C}.Release|Any CPU.ActiveCfg = Release|Any CPU
		{36334145-6D9C-4148-B650-3B7A769C248C}.Release|Any CPU.Build.0 = Release|Any CPU
		{906641B7-0142-4083-8A31-79F9B5B916F4}.Debug|Any CPU.ActiveCfg = Debug|Any CPU
		{906641B7-0142-4083-8A31-79F9B5B916F4}.Debug|Any CPU.Build.0 = Debug|Any CPU
		{906641B7-0142-4083-8A31-79F9B5B916F4}.Release|Any CPU.ActiveCfg = Release|Any CPU
		{906641B7-0142-4083-8A31-79F9B5B916F4}.Release|Any CPU.Build.0 = Release|Any CPU
		{2453A8CB-EBC9-4F05-BD08-6B9DEE54AE1E}.Debug|Any CPU.ActiveCfg = Debug|Any CPU
		{2453A8CB-EBC9-4F05-BD08-6B9DEE54AE1E}.Debug|Any CPU.Build.0 = Debug|Any CPU
		{2453A8CB-EBC9-4F05-BD08-6B9DEE54AE1E}.Release|Any CPU.ActiveCfg = Release|Any CPU
		{2453A8CB-EBC9-4F05-BD08-6B9DEE54AE1E}.Release|Any CPU.Build.0 = Release|Any CPU
		{CB80B54B-366A-136C-6ABD-9803B0B5DF05}.Debug|Any CPU.ActiveCfg = Debug|Any CPU
		{CB80B54B-366A-136C-6ABD-9803B0B5DF05}.Debug|Any CPU.Build.0 = Debug|Any CPU
		{CB80B54B-366A-136C-6ABD-9803B0B5DF05}.Release|Any CPU.ActiveCfg = Release|Any CPU
		{CB80B54B-366A-136C-6ABD-9803B0B5DF05}.Release|Any CPU.Build.0 = Release|Any CPU
		{5E9EFE8D-BF9A-E009-4A34-9DFED59F53B7}.Debug|Any CPU.ActiveCfg = Debug|Any CPU
		{5E9EFE8D-BF9A-E009-4A34-9DFED59F53B7}.Debug|Any CPU.Build.0 = Debug|Any CPU
		{5E9EFE8D-BF9A-E009-4A34-9DFED59F53B7}.Release|Any CPU.ActiveCfg = Release|Any CPU
		{5E9EFE8D-BF9A-E009-4A34-9DFED59F53B7}.Release|Any CPU.Build.0 = Release|Any CPU
		{BD32F7B4-A19B-BB51-8484-381898F8913D}.Debug|Any CPU.ActiveCfg = Debug|Any CPU
		{BD32F7B4-A19B-BB51-8484-381898F8913D}.Debug|Any CPU.Build.0 = Debug|Any CPU
		{BD32F7B4-A19B-BB51-8484-381898F8913D}.Release|Any CPU.ActiveCfg = Release|Any CPU
		{BD32F7B4-A19B-BB51-8484-381898F8913D}.Release|Any CPU.Build.0 = Release|Any CPU
		{C1FFA484-888A-4B75-9DA2-D4626DE64051}.Debug|Any CPU.ActiveCfg = Debug|Any CPU
		{C1FFA484-888A-4B75-9DA2-D4626DE64051}.Debug|Any CPU.Build.0 = Debug|Any CPU
		{C1FFA484-888A-4B75-9DA2-D4626DE64051}.Release|Any CPU.ActiveCfg = Release|Any CPU
		{C1FFA484-888A-4B75-9DA2-D4626DE64051}.Release|Any CPU.Build.0 = Release|Any CPU
	EndGlobalSection
	GlobalSection(SolutionProperties) = preSolution
		HideSolutionNode = FALSE
	EndGlobalSection
	GlobalSection(NestedProjects) = preSolution
		{229624DF-0E22-4CF5-B05D-544D4925ACEC} = {4F32E7DA-49AF-4095-863A-05482EF2310C}
		{AB5ED928-0D06-404C-A59E-6962DC5CBF4F} = {A6055C13-E45D-4F05-90E3-30D5661A1B6E}
		{BFA2E302-C04F-4E2E-83FA-B06F873ABFB1} = {4F32E7DA-49AF-4095-863A-05482EF2310C}
		{0C4426DD-7CE5-492A-A7EB-021349A6B824} = {A6055C13-E45D-4F05-90E3-30D5661A1B6E}
		{FDAE8A44-4FB7-48BD-89CC-70D6CC2BA406} = {A6055C13-E45D-4F05-90E3-30D5661A1B6E}
		{36334145-6D9C-4148-B650-3B7A769C248C} = {4F32E7DA-49AF-4095-863A-05482EF2310C}
		{906641B7-0142-4083-8A31-79F9B5B916F4} = {02EA681E-C7D8-13C7-8484-4AC65E1B71E8}
		{C556638A-49C7-4C88-A408-A9D2152806CA} = {02EA681E-C7D8-13C7-8484-4AC65E1B71E8}
		{2453A8CB-EBC9-4F05-BD08-6B9DEE54AE1E} = {3F8B9BA1-8133-49D9-997A-F7A827F71D6F}
		{86CE4A10-B3A5-4C29-844A-7507FF4EF2F2} = {3F8B9BA1-8133-49D9-997A-F7A827F71D6F}
		{CB80B54B-366A-136C-6ABD-9803B0B5DF05} = {86CE4A10-B3A5-4C29-844A-7507FF4EF2F2}
		{5E9EFE8D-BF9A-E009-4A34-9DFED59F53B7} = {86CE4A10-B3A5-4C29-844A-7507FF4EF2F2}
		{BD32F7B4-A19B-BB51-8484-381898F8913D} = {86CE4A10-B3A5-4C29-844A-7507FF4EF2F2}
		{C1FFA484-888A-4B75-9DA2-D4626DE64051} = {02EA681E-C7D8-13C7-8484-4AC65E1B71E8}
	EndGlobalSection
	GlobalSection(ExtensibilityGlobals) = postSolution
		SolutionGuid = {2B78B207-E55F-4F38-A130-92F4A5F4928C}
	EndGlobalSection
EndGlobal
